
Microsoft Visual Studio Solution File, Format Version 12.00
# Visual Studio Version 16
VisualStudioVersion = 16.0.32510.428
MinimumVisualStudioVersion = 10.0.40219.1
Project("{FAE04EC0-301F-11D3-BF4B-00C04F79EFBC}") = "ContosoRecipesAPI", "ContosoRecipesAPI.csproj", "{B6D54408-B6F5-4082-AE2A-75B17EBBECFA}"
EndProject
Global
	GlobalSection(SolutionConfigurationPlatforms) = preSolution
		Debug|Any CPU = Debug|Any CPU
		Release|Any CPU = Release|Any CPU
	EndGlobalSection
	GlobalSection(ProjectConfigurationPlatforms) = postSolution
		{B6D54408-B6F5-4082-AE2A-75B17EBBECFA}.Debug|Any CPU.ActiveCfg = Debug|Any CPU
		{B6D54408-B6F5-4082-AE2A-75B17EBBECFA}.Debug|Any CPU.Build.0 = Debug|Any CPU
		{B6D54408-B6F5-4082-AE2A-75B17EBBECFA}.Release|Any CPU.ActiveCfg = Release|Any CPU
		{B6D54408-B6F5-4082-AE2A-75B17EBBECFA}.Release|Any CPU.Build.0 = Release|Any CPU
	EndGlobalSection
	GlobalSection(SolutionProperties) = preSolution
		HideSolutionNode = FALSE
	EndGlobalSection
	GlobalSection(ExtensibilityGlobals) = postSolution
		SolutionGuid = {E13A2280-AE67-464E-BFC3-5FF48E65E193}
	EndGlobalSection
EndGlobal
