
Microsoft Visual Studio Solution File, Format Version 12.00
# Visual Studio Version 16
VisualStudioVersion = 16.0.32228.343
MinimumVisualStudioVersion = 10.0.40219.1
Project("{FAE04EC0-301F-11D3-BF4B-00C04F79EFBC}") = "JokesWebAppV2", "JokesWebAppV2.csproj", "{B07D99D5-7B0A-4586-A576-7665EBC82D0C}"
EndProject
Global
	GlobalSection(SolutionConfigurationPlatforms) = preSolution
		Debug|Any CPU = Debug|Any CPU
		Release|Any CPU = Release|Any CPU
	EndGlobalSection
	GlobalSection(ProjectConfigurationPlatforms) = postSolution
		{B07D99D5-7B0A-4586-A576-7665EBC82D0C}.Debug|Any CPU.ActiveCfg = Debug|Any CPU
		{B07D99D5-7B0A-4586-A576-7665EBC82D0C}.Debug|Any CPU.Build.0 = Debug|Any CPU
		{B07D99D5-7B0A-4586-A576-7665EBC82D0C}.Release|Any CPU.ActiveCfg = Release|Any CPU
		{B07D99D5-7B0A-4586-A576-7665EBC82D0C}.Release|Any CPU.Build.0 = Release|Any CPU
	EndGlobalSection
	GlobalSection(SolutionProperties) = preSolution
		HideSolutionNode = FALSE
	EndGlobalSection
	GlobalSection(ExtensibilityGlobals) = postSolution
		SolutionGuid = {7BE6D31F-BB35-4050-B820-8625FC1E8062}
	EndGlobalSection
EndGlobal
